
Microsoft Visual Studio Solution File, Format Version 12.00
# Visual Studio 15
VisualStudioVersion = 15.0.28307.539
MinimumVisualStudioVersion = 10.0.40219.1
Project("{FAE04EC0-301F-11D3-BF4B-00C04F79EFBC}") = "DotNetCoreRoslyn.Compiling", "DotNetCoreRoslyn.Compiling\DotNetCoreRoslyn.Compiling.csproj", "{8ADD5BA5-4E64-446E-ACCF-EFB5627FEE96}"
EndProject
Global
	GlobalSection(SolutionConfigurationPlatforms) = preSolution
		Debug|Any CPU = Debug|Any CPU
		Release|Any CPU = Release|Any CPU
	EndGlobalSection
	GlobalSection(ProjectConfigurationPlatforms) = postSolution
		{8ADD5BA5-4E64-446E-ACCF-EFB5627FEE96}.Debug|Any CPU.ActiveCfg = Debug|Any CPU
		{8ADD5BA5-4E64-446E-ACCF-EFB5627FEE96}.Debug|Any CPU.Build.0 = Debug|Any CPU
		{8ADD5BA5-4E64-446E-ACCF-EFB5627FEE96}.Release|Any CPU.ActiveCfg = Release|Any CPU
		{8ADD5BA5-4E64-446E-ACCF-EFB5627FEE96}.Release|Any CPU.Build.0 = Release|Any CPU
	EndGlobalSection
	GlobalSection(SolutionProperties) = preSolution
		HideSolutionNode = FALSE
	EndGlobalSection
	GlobalSection(ExtensibilityGlobals) = postSolution
		SolutionGuid = {548FB84D-8BDF-493D-9137-077CB0C51AF5}
	EndGlobalSection
EndGlobal
